
Microsoft Visual Studio Solution File, Format Version 12.00
# Visual Studio Version 17
VisualStudioVersion = 17.7.34024.191
MinimumVisualStudioVersion = 10.0.40219.1
Project("{FAE04EC0-301F-11D3-BF4B-00C04F79EFBC}") = "WpfMvvmSSharp", "WpfMvvmSSharp\WpfMvvmSSharp.csproj", "{28E9B643-49CD-4A6A-9088-61E60CA30DDE}"
EndProject
Global
	GlobalSection(SolutionConfigurationPlatforms) = preSolution
		Debug|Any CPU = Debug|Any CPU
		Release|Any CPU = Release|Any CPU
	EndGlobalSection
	GlobalSection(ProjectConfigurationPlatforms) = postSolution
		{28E9B643-49CD-4A6A-9088-61E60CA30DDE}.Debug|Any CPU.ActiveCfg = Debug|Any CPU
		{28E9B643-49CD-4A6A-9088-61E60CA30DDE}.Debug|Any CPU.Build.0 = Debug|Any CPU
		{28E9B643-49CD-4A6A-9088-61E60CA30DDE}.Release|Any CPU.ActiveCfg = Release|Any CPU
		{28E9B643-49CD-4A6A-9088-61E60CA30DDE}.Release|Any CPU.Build.0 = Release|Any CPU
	EndGlobalSection
	GlobalSection(SolutionProperties) = preSolution
		HideSolutionNode = FALSE
	EndGlobalSection
	GlobalSection(ExtensibilityGlobals) = postSolution
		SolutionGuid = {4071FBCB-3240-4BEB-80B6-C70E6103B703}
	EndGlobalSection
EndGlobal
